
Microsoft Visual Studio Solution File, Format Version 12.00
# Visual Studio Version 17
VisualStudioVersion = 17.1.32210.238
MinimumVisualStudioVersion = 10.0.40219.1
Project("{FAE04EC0-301F-11D3-BF4B-00C04F79EFBC}") = "BL", "BL\BL.csproj", "{9F40A3A7-AA97-42CB-8621-2D01722CB116}"
EndProject
Project("{FAE04EC0-301F-11D3-BF4B-00C04F79EFBC}") = "DL", "DL\DL.csproj", "{707A0F1C-16BD-4986-841D-DB4267E36C1C}"
EndProject
Project("{FAE04EC0-301F-11D3-BF4B-00C04F79EFBC}") = "ML", "ML\ML.csproj", "{01EB99A6-D622-4FA0-B115-A0AC7184148F}"
EndProject
Project("{FAE04EC0-301F-11D3-BF4B-00C04F79EFBC}") = "PL", "PL\PL.csproj", "{63C24568-D566-4C96-8890-55F704C70FB9}"
EndProject
Project("{FAE04EC0-301F-11D3-BF4B-00C04F79EFBC}") = "Dl__EF", "Dl__EF\Dl__EF.csproj", "{719FB1E7-5A42-42D3-955E-534985D7D439}"
EndProject
Project("{FAE04EC0-301F-11D3-BF4B-00C04F79EFBC}") = "PL__MVC", "PL_MVC\PL__MVC.csproj", "{792DF18B-9C77-4A19-9E4D-78DD76115035}"
EndProject
Project("{FAE04EC0-301F-11D3-BF4B-00C04F79EFBC}") = "SL_WCF", "SL_WCF\SL_WCF.csproj", "{D91886CA-26BE-4857-961E-A942FBF34C74}"
EndProject
Global
	GlobalSection(SolutionConfigurationPlatforms) = preSolution
		Debug|Any CPU = Debug|Any CPU
		Release|Any CPU = Release|Any CPU
	EndGlobalSection
	GlobalSection(ProjectConfigurationPlatforms) = postSolution
		{9F40A3A7-AA97-42CB-8621-2D01722CB116}.Debug|Any CPU.ActiveCfg = Debug|Any CPU
		{9F40A3A7-AA97-42CB-8621-2D01722CB116}.Debug|Any CPU.Build.0 = Debug|Any CPU
		{9F40A3A7-AA97-42CB-8621-2D01722CB116}.Release|Any CPU.ActiveCfg = Release|Any CPU
		{9F40A3A7-AA97-42CB-8621-2D01722CB116}.Release|Any CPU.Build.0 = Release|Any CPU
		{707A0F1C-16BD-4986-841D-DB4267E36C1C}.Debug|Any CPU.ActiveCfg = Debug|Any CPU
		{707A0F1C-16BD-4986-841D-DB4267E36C1C}.Debug|Any CPU.Build.0 = Debug|Any CPU
		{707A0F1C-16BD-4986-841D-DB4267E36C1C}.Release|Any CPU.ActiveCfg = Release|Any CPU
		{707A0F1C-16BD-4986-841D-DB4267E36C1C}.Release|Any CPU.Build.0 = Release|Any CPU
		{01EB99A6-D622-4FA0-B115-A0AC7184148F}.Debug|Any CPU.ActiveCfg = Debug|Any CPU
		{01EB99A6-D622-4FA0-B115-A0AC7184148F}.Debug|Any CPU.Build.0 = Debug|Any CPU
		{01EB99A6-D622-4FA0-B115-A0AC7184148F}.Release|Any CPU.ActiveCfg = Release|Any CPU
		{01EB99A6-D622-4FA0-B115-A0AC7184148F}.Release|Any CPU.Build.0 = Release|Any CPU
		{63C24568-D566-4C96-8890-55F704C70FB9}.Debug|Any CPU.ActiveCfg = Debug|Any CPU
		{63C24568-D566-4C96-8890-55F704C70FB9}.Debug|Any CPU.Build.0 = Debug|Any CPU
		{63C24568-D566-4C96-8890-55F704C70FB9}.Release|Any CPU.ActiveCfg = Release|Any CPU
		{63C24568-D566-4C96-8890-55F704C70FB9}.Release|Any CPU.Build.0 = Release|Any CPU
		{719FB1E7-5A42-42D3-955E-534985D7D439}.Debug|Any CPU.ActiveCfg = Debug|Any CPU
		{719FB1E7-5A42-42D3-955E-534985D7D439}.Debug|Any CPU.Build.0 = Debug|Any CPU
		{719FB1E7-5A42-42D3-955E-534985D7D439}.Release|Any CPU.ActiveCfg = Release|Any CPU
		{719FB1E7-5A42-42D3-955E-534985D7D439}.Release|Any CPU.Build.0 = Release|Any CPU
		{792DF18B-9C77-4A19-9E4D-78DD76115035}.Debug|Any CPU.ActiveCfg = Debug|Any CPU
		{792DF18B-9C77-4A19-9E4D-78DD76115035}.Debug|Any CPU.Build.0 = Debug|Any CPU
		{792DF18B-9C77-4A19-9E4D-78DD76115035}.Release|Any CPU.ActiveCfg = Release|Any CPU
		{792DF18B-9C77-4A19-9E4D-78DD76115035}.Release|Any CPU.Build.0 = Release|Any CPU
		{D91886CA-26BE-4857-961E-A942FBF34C74}.Debug|Any CPU.ActiveCfg = Debug|Any CPU
		{D91886CA-26BE-4857-961E-A942FBF34C74}.Debug|Any CPU.Build.0 = Debug|Any CPU
		{D91886CA-26BE-4857-961E-A942FBF34C74}.Release|Any CPU.ActiveCfg = Release|Any CPU
		{D91886CA-26BE-4857-961E-A942FBF34C74}.Release|Any CPU.Build.0 = Release|Any CPU
	EndGlobalSection
	GlobalSection(SolutionProperties) = preSolution
		HideSolutionNode = FALSE
	EndGlobalSection
	GlobalSection(ExtensibilityGlobals) = postSolution
		SolutionGuid = {DE2FB69B-1ECB-48B3-B2F9-A41B73E19E62}
	EndGlobalSection
EndGlobal
